
Microsoft Visual Studio Solution File, Format Version 12.00
# Visual Studio Version 17
VisualStudioVersion = 17.11.35208.52
MinimumVisualStudioVersion = 10.0.40219.1
Project("{FAE04EC0-301F-11D3-BF4B-00C04F79EFBC}") = "Debug_VS", "Debug_VS.csproj", "{5B780AC9-CB08-484C-BE68-87F35575AB7B}"
EndProject
Global
	GlobalSection(SolutionConfigurationPlatforms) = preSolution
		Debug|Any CPU = Debug|Any CPU
		Release|Any CPU = Release|Any CPU
	EndGlobalSection
	GlobalSection(ProjectConfigurationPlatforms) = postSolution
		{5B780AC9-CB08-484C-BE68-87F35575AB7B}.Debug|Any CPU.ActiveCfg = Debug|Any CPU
		{5B780AC9-CB08-484C-BE68-87F35575AB7B}.Debug|Any CPU.Build.0 = Debug|Any CPU
		{5B780AC9-CB08-484C-BE68-87F35575AB7B}.Release|Any CPU.ActiveCfg = Release|Any CPU
		{5B780AC9-CB08-484C-BE68-87F35575AB7B}.Release|Any CPU.Build.0 = Release|Any CPU
	EndGlobalSection
	GlobalSection(SolutionProperties) = preSolution
		HideSolutionNode = FALSE
	EndGlobalSection
	GlobalSection(ExtensibilityGlobals) = postSolution
		SolutionGuid = {942A43D1-0CB5-44FB-80DB-E3BDC9284366}
	EndGlobalSection
EndGlobal
